Microsoft Visual Studio Solution File, Format Version 9.00
# SharpDevelop 2.0.0.1135
Project("{FAE04EC0-301F-11D3-BF4B-00C04F79EFBC}") = "browser", "browser.csproj", "{9246FDD9-F5F5-4C24-8D70-05A6AA868857}"
EndProject
Global
	GlobalSection(SolutionConfigurationPlatforms) = preSolution
		Debug|Any CPU = Debug|Any CPU
		Release|Any CPU = Release|Any CPU
	EndGlobalSection
	GlobalSection(ProjectConfigurationPlatforms) = postSolution
		{9246FDD9-F5F5-4C24-8D70-05A6AA868857}.Debug|Any CPU.Build.0 = Debug|Any CPU
		{9246FDD9-F5F5-4C24-8D70-05A6AA868857}.Debug|Any CPU.ActiveCfg = Debug|Any CPU
		{9246FDD9-F5F5-4C24-8D70-05A6AA868857}.Release|Any CPU.Build.0 = Release|Any CPU
		{9246FDD9-F5F5-4C24-8D70-05A6AA868857}.Release|Any CPU.ActiveCfg = Release|Any CPU
	EndGlobalSection
EndGlobal
