
Microsoft Visual Studio Solution File, Format Version 9.00
# Visual Studio 2005
Project("{FAE04EC0-301F-11D3-BF4B-00C04F79EFBC}") = "Main", "Main\Main.csproj", "{CC878405-3C13-4940-A18C-9C035E91311C}"
EndProject
Project("{FAE04EC0-301F-11D3-BF4B-00C04F79EFBC}") = "Viewer", "Viewer\Viewer.csproj", "{52111C1E-29DC-4B2F-9404-A59CE1F29344}"
EndProject
Project("{FAE04EC0-301F-11D3-BF4B-00C04F79EFBC}") = "Game", "Game\Game.csproj", "{30E5C3A1-EFD2-4139-95AF-1175ED6AA0D3}"
EndProject
Global
	GlobalSection(SolutionConfigurationPlatforms) = preSolution
		Debug|Any CPU = Debug|Any CPU
		Debug|x86 = Debug|x86
		Release|Any CPU = Release|Any CPU
		Release|x86 = Release|x86
	EndGlobalSection
	GlobalSection(ProjectConfigurationPlatforms) = postSolution
		{CC878405-3C13-4940-A18C-9C035E91311C}.Debug|Any CPU.ActiveCfg = Debug|Any CPU
		{CC878405-3C13-4940-A18C-9C035E91311C}.Debug|Any CPU.Build.0 = Debug|Any CPU
		{CC878405-3C13-4940-A18C-9C035E91311C}.Debug|x86.ActiveCfg = Debug|x86
		{CC878405-3C13-4940-A18C-9C035E91311C}.Debug|x86.Build.0 = Debug|x86
		{CC878405-3C13-4940-A18C-9C035E91311C}.Release|Any CPU.ActiveCfg = Release|Any CPU
		{CC878405-3C13-4940-A18C-9C035E91311C}.Release|Any CPU.Build.0 = Release|Any CPU
		{CC878405-3C13-4940-A18C-9C035E91311C}.Release|x86.ActiveCfg = Release|x86
		{CC878405-3C13-4940-A18C-9C035E91311C}.Release|x86.Build.0 = Release|x86
		{52111C1E-29DC-4B2F-9404-A59CE1F29344}.Debug|Any CPU.ActiveCfg = Debug|Any CPU
		{52111C1E-29DC-4B2F-9404-A59CE1F29344}.Debug|Any CPU.Build.0 = Debug|Any CPU
		{52111C1E-29DC-4B2F-9404-A59CE1F29344}.Debug|x86.ActiveCfg = Debug|x86
		{52111C1E-29DC-4B2F-9404-A59CE1F29344}.Debug|x86.Build.0 = Debug|x86
		{52111C1E-29DC-4B2F-9404-A59CE1F29344}.Release|Any CPU.ActiveCfg = Release|Any CPU
		{52111C1E-29DC-4B2F-9404-A59CE1F29344}.Release|Any CPU.Build.0 = Release|Any CPU
		{52111C1E-29DC-4B2F-9404-A59CE1F29344}.Release|x86.ActiveCfg = Release|x86
		{52111C1E-29DC-4B2F-9404-A59CE1F29344}.Release|x86.Build.0 = Release|x86
		{30E5C3A1-EFD2-4139-95AF-1175ED6AA0D3}.Debug|Any CPU.ActiveCfg = Debug|Any CPU
		{30E5C3A1-EFD2-4139-95AF-1175ED6AA0D3}.Debug|Any CPU.Build.0 = Debug|Any CPU
		{30E5C3A1-EFD2-4139-95AF-1175ED6AA0D3}.Debug|x86.ActiveCfg = Debug|x86
		{30E5C3A1-EFD2-4139-95AF-1175ED6AA0D3}.Debug|x86.Build.0 = Debug|x86
		{30E5C3A1-EFD2-4139-95AF-1175ED6AA0D3}.Release|Any CPU.ActiveCfg = Release|Any CPU
		{30E5C3A1-EFD2-4139-95AF-1175ED6AA0D3}.Release|Any CPU.Build.0 = Release|Any CPU
		{30E5C3A1-EFD2-4139-95AF-1175ED6AA0D3}.Release|x86.ActiveCfg = Release|x86
		{30E5C3A1-EFD2-4139-95AF-1175ED6AA0D3}.Release|x86.Build.0 = Release|x86
	EndGlobalSection
	GlobalSection(SolutionProperties) = preSolution
		HideSolutionNode = FALSE
	EndGlobalSection
EndGlobal
