<?xml version="1.0" encoding="utf-8"?>
<Project ToolsVersion="4.0" xmlns="http://schemas.microsoft.com/developer/msbuild/2003">
  <ItemGroup>
    <Filter Include="Source Files">
      <UniqueIdentifier>{4FC737F1-C7A5-4376-A066-2A32D752A2FF}</UniqueIdentifier>
      <Extensions>cpp;c;cc;cxx;def;odl;idl;hpj;bat;asm;asmx</Extensions>
    </Filter>
    <Filter Include="Header Files">
      <UniqueIdentifier>{93995380-89BD-4b04-88EB-625FBE52EBFB}</UniqueIdentifier>
      <Extensions>h;hpp;hxx;hm;inl;inc;xsd</Extensions>
    </Filter>
    <Filter Include="Resource Files">
      <UniqueIdentifier>{67DA6AB6-F800-4c08-8B7A-83BB121AAD01}</UniqueIdentifier>
      <Extensions>rc;ico;cur;bmp;dlg;rc2;rct;bin;rgs;gif;jpg;jpeg;jpe;resx;tiff;tif;png;wav</Extensions>
    </Filter>
  </ItemGroup>
  <ItemGroup>
    <ClCompile Include="sheepCodeGenerator.cpp">
      <Filter>Source Files</Filter>
    </ClCompile>
    <ClCompile Include="sheepCodeTree.cpp">
      <Filter>Source Files</Filter>
    </ClCompile>
    <ClCompile Include="sheepCompiler.cpp">
      <Filter>Source Files</Filter>
    </ClCompile>
    <ClCompile Include="sheepDisassembler.cpp">
      <Filter>Source Files</Filter>
    </ClCompile>
    <ClCompile Include="sheepFileReader.cpp">
      <Filter>Source Files</Filter>
    </ClCompile>
    <ClCompile Include="sheepFileWriter.cpp">
      <Filter>Source Files</Filter>
    </ClCompile>
    <ClCompile Include="sheepMachine.cpp">
      <Filter>Source Files</Filter>
    </ClCompile>
    <ClCompile Include="sheepMain.cpp">
      <Filter>Source Files</Filter>
    </ClCompile>
    <ClCompile Include="sheepMemoryAllocator.cpp">
      <Filter>Source Files</Filter>
    </ClCompile>
    <ClCompile Include="sheepParser.cpp">
      <Filter>Source Files</Filter>
    </ClCompile>
    <ClCompile Include="sheepScanner.cpp">
      <Filter>Source Files</Filter>
    </ClCompile>
  </ItemGroup>
  <ItemGroup>
    <ClInclude Include="rbuffer.h">
      <Filter>Header Files</Filter>
    </ClInclude>
    <ClInclude Include="sheepc.h">
      <Filter>Header Files</Filter>
    </ClInclude>
    <ClInclude Include="sheepCodeBuffer.h">
      <Filter>Header Files</Filter>
    </ClInclude>
    <ClInclude Include="sheepCodeGenerator.h">
      <Filter>Header Files</Filter>
    </ClInclude>
    <ClInclude Include="sheepCodeTree.h">
      <Filter>Header Files</Filter>
    </ClInclude>
    <ClInclude Include="sheepDisassembler.h">
      <Filter>Header Files</Filter>
    </ClInclude>
    <ClInclude Include="sheepException.h">
      <Filter>Header Files</Filter>
    </ClInclude>
    <ClInclude Include="sheepfile.h">
      <Filter>Header Files</Filter>
    </ClInclude>
    <ClInclude Include="sheepFileReader.h">
      <Filter>Header Files</Filter>
    </ClInclude>
    <ClInclude Include="sheepFileWriter.h">
      <Filter>Header Files</Filter>
    </ClInclude>
    <ClInclude Include="sheepImportTable.h">
      <Filter>Header Files</Filter>
    </ClInclude>
    <ClInclude Include="sheepLog.h">
      <Filter>Header Files</Filter>
    </ClInclude>
    <ClInclude Include="sheepMachine.h">
      <Filter>Header Files</Filter>
    </ClInclude>
    <ClInclude Include="sheepScanner.h">
      <Filter>Header Files</Filter>
    </ClInclude>
    <ClInclude Include="sheepTypes.h">
      <Filter>Header Files</Filter>
    </ClInclude>
  </ItemGroup>
  <ItemGroup>
    <None Include="sheepParser.y">
      <Filter>Resource Files</Filter>
    </None>
    <None Include="sheepScanner.l">
      <Filter>Resource Files</Filter>
    </None>
  </ItemGroup>
</Project>