<?xml version="1.0" encoding="utf-8"?>
<Project ToolsVersion="4.0" xmlns="http://schemas.microsoft.com/developer/msbuild/2003">
  <ItemGroup>
    <ClCompile Include="sheepCodeGenerator.cpp" />
    <ClCompile Include="sheepCodeTree.cpp" />
    <ClCompile Include="sheepCompiler.cpp" />
    <ClCompile Include="sheepcpp.cpp" />
    <ClCompile Include="sheepDisassembler.cpp" />
    <ClCompile Include="sheepFileReader.cpp" />
    <ClCompile Include="sheepFileWriter.cpp" />
    <ClCompile Include="sheepMachine.cpp" />
    <ClCompile Include="sheepMemoryAllocator.cpp" />
    <ClCompile Include="sheepParser.cpp" />
    <ClCompile Include="sheepScanner.cpp" />
    <ClCompile Include="Internal\compiler.cpp">
      <Filter>Internal</Filter>
    </ClCompile>
    <ClCompile Include="Internal\virtualmachine.cpp">
      <Filter>Internal</Filter>
    </ClCompile>
    <ClCompile Include="Internal\script.cpp">
      <Filter>Internal</Filter>
    </ClCompile>
  </ItemGroup>
  <ItemGroup>
    <ClInclude Include="rbuffer.h" />
    <ClInclude Include="sheepc.h" />
    <ClInclude Include="sheepCaseInsensitiveStringCompare.h" />
    <ClInclude Include="sheepCodeBuffer.h" />
    <ClInclude Include="sheepCodeGenerator.h" />
    <ClInclude Include="sheepCodeTree.h" />
    <ClInclude Include="sheepContextTree.h" />
    <ClInclude Include="sheepcpp.h" />
    <ClInclude Include="sheepDisassembler.h" />
    <ClInclude Include="sheepFileReader.h" />
    <ClInclude Include="sheepFileWriter.h" />
    <ClInclude Include="sheepImportTable.h" />
    <ClInclude Include="sheepLog.h" />
    <ClInclude Include="sheepMachine.h" />
    <ClInclude Include="sheepMemoryAllocator.h" />
    <ClInclude Include="sheepScanner.h" />
    <ClInclude Include="sheepTypes.h" />
    <ClInclude Include="Internal\virtualmachine.h">
      <Filter>Internal</Filter>
    </ClInclude>
    <ClInclude Include="sheepStringDictionary.h" />
    <ClInclude Include="sheepErrorCodes.h" />
    <ClInclude Include="Internal\script.h">
      <Filter>Internal</Filter>
    </ClInclude>
    <ClInclude Include="Internal\compiler.h">
      <Filter>Internal</Filter>
    </ClInclude>
  </ItemGroup>
  <ItemGroup>
    <Filter Include="Internal">
      <UniqueIdentifier>{1e96a6d9-75db-4567-b66a-5bea2bb77cfc}</UniqueIdentifier>
    </Filter>
  </ItemGroup>
</Project>